
Microsoft Visual Studio Solution File, Format Version 11.00
# Visual Studio 2010
Project("{FAE04EC0-301F-11D3-BF4B-00C04F79EFBC}") = "EmployeeManagement", "EmpManagement\EmployeeManagement.csproj", "{335960DD-5368-4E04-AC26-BF36F5CC0229}"
EndProject
Project("{2150E333-8FDC-42A3-9474-1A3956D46DE8}") = "02 DataAccess", "02 DataAccess", "{36EB0A7A-BDF7-4437-AAF0-DBCDF0213A96}"
EndProject
Project("{FAE04EC0-301F-11D3-BF4B-00C04F79EFBC}") = "DataLayer", "DataLayer\DataLayer.csproj", "{8E7B980B-D9AC-4D56-BC3E-C6F927A7DE2A}"
EndProject
Project("{2150E333-8FDC-42A3-9474-1A3956D46DE8}") = "03 BusinessComponents", "03 BusinessComponents", "{226D1E27-F61D-422B-9387-4E5C4F90B896}"
EndProject
Project("{FAE04EC0-301F-11D3-BF4B-00C04F79EFBC}") = "BusinessLayer", "BLL\BusinessLayer.csproj", "{31A7DCE6-975D-43A3-8879-54BB3E7270D2}"
EndProject
Project("{2150E333-8FDC-42A3-9474-1A3956D46DE8}") = "01 Common", "01 Common", "{79B495FD-E9DB-4471-86C9-81D81485DE2F}"
EndProject
Project("{FAE04EC0-301F-11D3-BF4B-00C04F79EFBC}") = "CommonUtility", "CommonAccess\CommonUtility.csproj", "{881686D9-F9E2-413C-9F04-5E96AA03F674}"
EndProject
Project("{2150E333-8FDC-42A3-9474-1A3956D46DE8}") = "05 WebApplication", "05 WebApplication", "{50C8C9BF-7922-486C-8237-48148D90C41B}"
EndProject
Project("{2150E333-8FDC-42A3-9474-1A3956D46DE8}") = "04 RestServices", "04 RestServices", "{4E5A824E-B133-432D-8F05-D7793907D74D}"
EndProject
Project("{FAE04EC0-301F-11D3-BF4B-00C04F79EFBC}") = "Rest", "Rest\Rest.csproj", "{9CC3E816-BC87-4F83-93B1-F90BF094F5E6}"
EndProject
Project("{FAE04EC0-301F-11D3-BF4B-00C04F79EFBC}") = "DataObject", "DTObject\DataObject.csproj", "{3F11111A-2580-4DF2-9843-A609A7297B5B}"
EndProject
Global
	GlobalSection(SolutionConfigurationPlatforms) = preSolution
		Debug|Any CPU = Debug|Any CPU
		Release|Any CPU = Release|Any CPU
	EndGlobalSection
	GlobalSection(ProjectConfigurationPlatforms) = postSolution
		{335960DD-5368-4E04-AC26-BF36F5CC0229}.Debug|Any CPU.ActiveCfg = Debug|Any CPU
		{335960DD-5368-4E04-AC26-BF36F5CC0229}.Debug|Any CPU.Build.0 = Debug|Any CPU
		{335960DD-5368-4E04-AC26-BF36F5CC0229}.Release|Any CPU.ActiveCfg = Release|Any CPU
		{335960DD-5368-4E04-AC26-BF36F5CC0229}.Release|Any CPU.Build.0 = Release|Any CPU
		{8E7B980B-D9AC-4D56-BC3E-C6F927A7DE2A}.Debug|Any CPU.ActiveCfg = Debug|Any CPU
		{8E7B980B-D9AC-4D56-BC3E-C6F927A7DE2A}.Debug|Any CPU.Build.0 = Debug|Any CPU
		{8E7B980B-D9AC-4D56-BC3E-C6F927A7DE2A}.Release|Any CPU.ActiveCfg = Release|Any CPU
		{8E7B980B-D9AC-4D56-BC3E-C6F927A7DE2A}.Release|Any CPU.Build.0 = Release|Any CPU
		{31A7DCE6-975D-43A3-8879-54BB3E7270D2}.Debug|Any CPU.ActiveCfg = Debug|Any CPU
		{31A7DCE6-975D-43A3-8879-54BB3E7270D2}.Debug|Any CPU.Build.0 = Debug|Any CPU
		{31A7DCE6-975D-43A3-8879-54BB3E7270D2}.Release|Any CPU.ActiveCfg = Release|Any CPU
		{31A7DCE6-975D-43A3-8879-54BB3E7270D2}.Release|Any CPU.Build.0 = Release|Any CPU
		{881686D9-F9E2-413C-9F04-5E96AA03F674}.Debug|Any CPU.ActiveCfg = Debug|Any CPU
		{881686D9-F9E2-413C-9F04-5E96AA03F674}.Debug|Any CPU.Build.0 = Debug|Any CPU
		{881686D9-F9E2-413C-9F04-5E96AA03F674}.Release|Any CPU.ActiveCfg = Release|Any CPU
		{881686D9-F9E2-413C-9F04-5E96AA03F674}.Release|Any CPU.Build.0 = Release|Any CPU
		{9CC3E816-BC87-4F83-93B1-F90BF094F5E6}.Debug|Any CPU.ActiveCfg = Debug|Any CPU
		{9CC3E816-BC87-4F83-93B1-F90BF094F5E6}.Debug|Any CPU.Build.0 = Debug|Any CPU
		{9CC3E816-BC87-4F83-93B1-F90BF094F5E6}.Release|Any CPU.ActiveCfg = Release|Any CPU
		{9CC3E816-BC87-4F83-93B1-F90BF094F5E6}.Release|Any CPU.Build.0 = Release|Any CPU
		{3F11111A-2580-4DF2-9843-A609A7297B5B}.Debug|Any CPU.ActiveCfg = Debug|Any CPU
		{3F11111A-2580-4DF2-9843-A609A7297B5B}.Debug|Any CPU.Build.0 = Debug|Any CPU
		{3F11111A-2580-4DF2-9843-A609A7297B5B}.Release|Any CPU.ActiveCfg = Release|Any CPU
		{3F11111A-2580-4DF2-9843-A609A7297B5B}.Release|Any CPU.Build.0 = Release|Any CPU
	EndGlobalSection
	GlobalSection(SolutionProperties) = preSolution
		HideSolutionNode = FALSE
	EndGlobalSection
	GlobalSection(NestedProjects) = preSolution
		{335960DD-5368-4E04-AC26-BF36F5CC0229} = {50C8C9BF-7922-486C-8237-48148D90C41B}
		{8E7B980B-D9AC-4D56-BC3E-C6F927A7DE2A} = {36EB0A7A-BDF7-4437-AAF0-DBCDF0213A96}
		{3F11111A-2580-4DF2-9843-A609A7297B5B} = {36EB0A7A-BDF7-4437-AAF0-DBCDF0213A96}
		{31A7DCE6-975D-43A3-8879-54BB3E7270D2} = {226D1E27-F61D-422B-9387-4E5C4F90B896}
		{881686D9-F9E2-413C-9F04-5E96AA03F674} = {79B495FD-E9DB-4471-86C9-81D81485DE2F}
		{9CC3E816-BC87-4F83-93B1-F90BF094F5E6} = {4E5A824E-B133-432D-8F05-D7793907D74D}
	EndGlobalSection
EndGlobal
